
Microsoft Visual Studio Solution File, Format Version 12.00
# Visual Studio 15
VisualStudioVersion = 15.0.27130.2027
MinimumVisualStudioVersion = 10.0.40219.1
Project("{8BC9CEB8-8B4A-11D0-8D11-00A0C91BC942}") = "Project26", "Project26\Project26.vcxproj", "{BEAB874B-386C-46A2-B334-F15844F2672E}"
EndProject
Global
	GlobalSection(SolutionConfigurationPlatforms) = preSolution
		Debug|x64 = Debug|x64
		Debug|x86 = Debug|x86
		Release|x64 = Release|x64
		Release|x86 = Release|x86
	EndGlobalSection
	GlobalSection(ProjectConfigurationPlatforms) = postSolution
		{BEAB874B-386C-46A2-B334-F15844F2672E}.Debug|x64.ActiveCfg = Debug|x64
		{BEAB874B-386C-46A2-B334-F15844F2672E}.Debug|x64.Build.0 = Debug|x64
		{BEAB874B-386C-46A2-B334-F15844F2672E}.Debug|x86.ActiveCfg = Debug|Win32
		{BEAB874B-386C-46A2-B334-F15844F2672E}.Debug|x86.Build.0 = Debug|Win32
		{BEAB874B-386C-46A2-B334-F15844F2672E}.Release|x64.ActiveCfg = Release|x64
		{BEAB874B-386C-46A2-B334-F15844F2672E}.Release|x64.Build.0 = Release|x64
		{BEAB874B-386C-46A2-B334-F15844F2672E}.Release|x86.ActiveCfg = Release|Win32
		{BEAB874B-386C-46A2-B334-F15844F2672E}.Release|x86.Build.0 = Release|Win32
	EndGlobalSection
	GlobalSection(SolutionProperties) = preSolution
		HideSolutionNode = FALSE
	EndGlobalSection
	GlobalSection(ExtensibilityGlobals) = postSolution
		SolutionGuid = {91077718-393D-47D2-976F-2397510F888A}
	EndGlobalSection
EndGlobal
